
Microsoft Visual Studio Solution File, Format Version 12.00
# Visual Studio Version 17
VisualStudioVersion = 17.3.32825.248
MinimumVisualStudioVersion = 10.0.40219.1
Project("{FAE04EC0-301F-11D3-BF4B-00C04F79EFBC}") = "PictureSmallifier", "PictureSmallifier\PictureSmallifier.csproj", "{AB56BB93-892E-41CC-B664-499B1B13D626}"
EndProject
Global
	GlobalSection(SolutionConfigurationPlatforms) = preSolution
		Debug|Any CPU = Debug|Any CPU
		Release|Any CPU = Release|Any CPU
	EndGlobalSection
	GlobalSection(ProjectConfigurationPlatforms) = postSolution
		{AB56BB93-892E-41CC-B664-499B1B13D626}.Debug|Any CPU.ActiveCfg = Debug|Any CPU
		{AB56BB93-892E-41CC-B664-499B1B13D626}.Debug|Any CPU.Build.0 = Debug|Any CPU
		{AB56BB93-892E-41CC-B664-499B1B13D626}.Release|Any CPU.ActiveCfg = Release|Any CPU
		{AB56BB93-892E-41CC-B664-499B1B13D626}.Release|Any CPU.Build.0 = Release|Any CPU
	EndGlobalSection
	GlobalSection(SolutionProperties) = preSolution
		HideSolutionNode = FALSE
	EndGlobalSection
	GlobalSection(ExtensibilityGlobals) = postSolution
		SolutionGuid = {81697D84-53AA-47C0-A2CC-03EDBD0690B4}
	EndGlobalSection
EndGlobal
